
Microsoft Visual Studio Solution File, Format Version 12.00
# Visual Studio Version 16
VisualStudioVersion = 16.0.30011.22
MinimumVisualStudioVersion = 10.0.40219.1
Project("{FAE04EC0-301F-11D3-BF4B-00C04F79EFBC}") = "MinhaDemoMvc", "MinhaDemoMvc\MinhaDemoMvc.csproj", "{A852727A-9485-4596-911E-CE2631A8CCB8}"
EndProject
Global
	GlobalSection(SolutionConfigurationPlatforms) = preSolution
		Debug|Any CPU = Debug|Any CPU
		Release|Any CPU = Release|Any CPU
	EndGlobalSection
	GlobalSection(ProjectConfigurationPlatforms) = postSolution
		{A852727A-9485-4596-911E-CE2631A8CCB8}.Debug|Any CPU.ActiveCfg = Debug|Any CPU
		{A852727A-9485-4596-911E-CE2631A8CCB8}.Debug|Any CPU.Build.0 = Debug|Any CPU
		{A852727A-9485-4596-911E-CE2631A8CCB8}.Release|Any CPU.ActiveCfg = Release|Any CPU
		{A852727A-9485-4596-911E-CE2631A8CCB8}.Release|Any CPU.Build.0 = Release|Any CPU
	EndGlobalSection
	GlobalSection(SolutionProperties) = preSolution
		HideSolutionNode = FALSE
	EndGlobalSection
	GlobalSection(ExtensibilityGlobals) = postSolution
		SolutionGuid = {3C2B6D0F-F81E-45F2-B896-DFD4040D2AC3}
	EndGlobalSection
EndGlobal
